
Microsoft Visual Studio Solution File, Format Version 12.00
# Visual Studio 15
VisualStudioVersion = 15.0.26124.0
MinimumVisualStudioVersion = 15.0.26124.0
Project("{FAE04EC0-301F-11D3-BF4B-00C04F79EFBC}") = "ApiaryDiary.Api", "ApiaryDiary.Api\ApiaryDiary.Api.csproj", "{DF06886C-91ED-4CF3-A04B-395C7AE087F9}"
EndProject
Project("{FAE04EC0-301F-11D3-BF4B-00C04F79EFBC}") = "ApiaryDiary.Infrastructure", "ApiaryDiary.Infrastructure\ApiaryDiary.Infrastructure.csproj", "{0C8ECE00-4EC1-4B3B-900E-837331B94C0B}"
EndProject
Project("{FAE04EC0-301F-11D3-BF4B-00C04F79EFBC}") = "ApiaryDiary.Application", "ApiaryDiary.Application\ApiaryDiary.Application.csproj", "{E642903C-34C1-40CC-A674-F71F480B05AB}"
EndProject
Project("{FAE04EC0-301F-11D3-BF4B-00C04F79EFBC}") = "ApiaryDiary.Core", "ApiaryDiary.Core\ApiaryDiary.Core.csproj", "{10F2109E-EF84-482A-A99A-4D19D6D7D209}"
EndProject
Global
	GlobalSection(SolutionConfigurationPlatforms) = preSolution
		Debug|Any CPU = Debug|Any CPU
		Debug|x64 = Debug|x64
		Debug|x86 = Debug|x86
		Release|Any CPU = Release|Any CPU
		Release|x64 = Release|x64
		Release|x86 = Release|x86
	EndGlobalSection
	GlobalSection(SolutionProperties) = preSolution
		HideSolutionNode = FALSE
	EndGlobalSection
	GlobalSection(ProjectConfigurationPlatforms) = postSolution
		{DF06886C-91ED-4CF3-A04B-395C7AE087F9}.Debug|Any CPU.ActiveCfg = Debug|Any CPU
		{DF06886C-91ED-4CF3-A04B-395C7AE087F9}.Debug|Any CPU.Build.0 = Debug|Any CPU
		{DF06886C-91ED-4CF3-A04B-395C7AE087F9}.Debug|x64.ActiveCfg = Debug|Any CPU
		{DF06886C-91ED-4CF3-A04B-395C7AE087F9}.Debug|x64.Build.0 = Debug|Any CPU
		{DF06886C-91ED-4CF3-A04B-395C7AE087F9}.Debug|x86.ActiveCfg = Debug|Any CPU
		{DF06886C-91ED-4CF3-A04B-395C7AE087F9}.Debug|x86.Build.0 = Debug|Any CPU
		{DF06886C-91ED-4CF3-A04B-395C7AE087F9}.Release|Any CPU.ActiveCfg = Release|Any CPU
		{DF06886C-91ED-4CF3-A04B-395C7AE087F9}.Release|Any CPU.Build.0 = Release|Any CPU
		{DF06886C-91ED-4CF3-A04B-395C7AE087F9}.Release|x64.ActiveCfg = Release|Any CPU
		{DF06886C-91ED-4CF3-A04B-395C7AE087F9}.Release|x64.Build.0 = Release|Any CPU
		{DF06886C-91ED-4CF3-A04B-395C7AE087F9}.Release|x86.ActiveCfg = Release|Any CPU
		{DF06886C-91ED-4CF3-A04B-395C7AE087F9}.Release|x86.Build.0 = Release|Any CPU
		{0C8ECE00-4EC1-4B3B-900E-837331B94C0B}.Debug|Any CPU.ActiveCfg = Debug|Any CPU
		{0C8ECE00-4EC1-4B3B-900E-837331B94C0B}.Debug|Any CPU.Build.0 = Debug|Any CPU
		{0C8ECE00-4EC1-4B3B-900E-837331B94C0B}.Debug|x64.ActiveCfg = Debug|Any CPU
		{0C8ECE00-4EC1-4B3B-900E-837331B94C0B}.Debug|x64.Build.0 = Debug|Any CPU
		{0C8ECE00-4EC1-4B3B-900E-837331B94C0B}.Debug|x86.ActiveCfg = Debug|Any CPU
		{0C8ECE00-4EC1-4B3B-900E-837331B94C0B}.Debug|x86.Build.0 = Debug|Any CPU
		{0C8ECE00-4EC1-4B3B-900E-837331B94C0B}.Release|Any CPU.ActiveCfg = Release|Any CPU
		{0C8ECE00-4EC1-4B3B-900E-837331B94C0B}.Release|Any CPU.Build.0 = Release|Any CPU
		{0C8ECE00-4EC1-4B3B-900E-837331B94C0B}.Release|x64.ActiveCfg = Release|Any CPU
		{0C8ECE00-4EC1-4B3B-900E-837331B94C0B}.Release|x64.Build.0 = Release|Any CPU
		{0C8ECE00-4EC1-4B3B-900E-837331B94C0B}.Release|x86.ActiveCfg = Release|Any CPU
		{0C8ECE00-4EC1-4B3B-900E-837331B94C0B}.Release|x86.Build.0 = Release|Any CPU
		{E642903C-34C1-40CC-A674-F71F480B05AB}.Debug|Any CPU.ActiveCfg = Debug|Any CPU
		{E642903C-34C1-40CC-A674-F71F480B05AB}.Debug|Any CPU.Build.0 = Debug|Any CPU
		{E642903C-34C1-40CC-A674-F71F480B05AB}.Debug|x64.ActiveCfg = Debug|Any CPU
		{E642903C-34C1-40CC-A674-F71F480B05AB}.Debug|x64.Build.0 = Debug|Any CPU
		{E642903C-34C1-40CC-A674-F71F480B05AB}.Debug|x86.ActiveCfg = Debug|Any CPU
		{E642903C-34C1-40CC-A674-F71F480B05AB}.Debug|x86.Build.0 = Debug|Any CPU
		{E642903C-34C1-40CC-A674-F71F480B05AB}.Release|Any CPU.ActiveCfg = Release|Any CPU
		{E642903C-34C1-40CC-A674-F71F480B05AB}.Release|Any CPU.Build.0 = Release|Any CPU
		{E642903C-34C1-40CC-A674-F71F480B05AB}.Release|x64.ActiveCfg = Release|Any CPU
		{E642903C-34C1-40CC-A674-F71F480B05AB}.Release|x64.Build.0 = Release|Any CPU
		{E642903C-34C1-40CC-A674-F71F480B05AB}.Release|x86.ActiveCfg = Release|Any CPU
		{E642903C-34C1-40CC-A674-F71F480B05AB}.Release|x86.Build.0 = Release|Any CPU
		{10F2109E-EF84-482A-A99A-4D19D6D7D209}.Debug|Any CPU.ActiveCfg = Debug|Any CPU
		{10F2109E-EF84-482A-A99A-4D19D6D7D209}.Debug|Any CPU.Build.0 = Debug|Any CPU
		{10F2109E-EF84-482A-A99A-4D19D6D7D209}.Debug|x64.ActiveCfg = Debug|Any CPU
		{10F2109E-EF84-482A-A99A-4D19D6D7D209}.Debug|x64.Build.0 = Debug|Any CPU
		{10F2109E-EF84-482A-A99A-4D19D6D7D209}.Debug|x86.ActiveCfg = Debug|Any CPU
		{10F2109E-EF84-482A-A99A-4D19D6D7D209}.Debug|x86.Build.0 = Debug|Any CPU
		{10F2109E-EF84-482A-A99A-4D19D6D7D209}.Release|Any CPU.ActiveCfg = Release|Any CPU
		{10F2109E-EF84-482A-A99A-4D19D6D7D209}.Release|Any CPU.Build.0 = Release|Any CPU
		{10F2109E-EF84-482A-A99A-4D19D6D7D209}.Release|x64.ActiveCfg = Release|Any CPU
		{10F2109E-EF84-482A-A99A-4D19D6D7D209}.Release|x64.Build.0 = Release|Any CPU
		{10F2109E-EF84-482A-A99A-4D19D6D7D209}.Release|x86.ActiveCfg = Release|Any CPU
		{10F2109E-EF84-482A-A99A-4D19D6D7D209}.Release|x86.Build.0 = Release|Any CPU
	EndGlobalSection
EndGlobal
