
Microsoft Visual Studio Solution File, Format Version 12.00
# Visual Studio Version 17
VisualStudioVersion = 17.0.31903.59
MinimumVisualStudioVersion = 15.0.26124.0
Project("{2150E333-8FDC-42A3-9474-1A3956D46DE8}") = "Shared", "Shared", "{BA173468-6F9B-4E0B-8EEE-C9F2FE402DE6}"
EndProject
Project("{2150E333-8FDC-42A3-9474-1A3956D46DE8}") = "Bootstrapper", "Bootstrapper", "{77BD3B40-BB31-4E7B-9D29-CC6CFACBAD4F}"
EndProject
Project("{2150E333-8FDC-42A3-9474-1A3956D46DE8}") = "Modules", "Modules", "{766C20CB-D144-421F-97D3-C8D3DBE7F180}"
EndProject
Project("{2150E333-8FDC-42A3-9474-1A3956D46DE8}") = "Users", "Users", "{A8EDA2DB-B3FC-4A17-918D-5C96EC25E544}"
	ProjectSection(SolutionItems) = preProject
		try.rest = try.rest
	EndProjectSection
EndProject
Project("{2150E333-8FDC-42A3-9474-1A3956D46DE8}") = "PowerStation", "PowerStation", "{958B6E27-F6E6-4B64-9707-E4F22A59FE6A}"
EndProject
Project("{FAE04EC0-301F-11D3-BF4B-00C04F79EFBC}") = "ApiaryDiary.Shared.Abstractions", "Shared\ApiaryDiary.Shared.Abstractions\ApiaryDiary.Shared.Abstractions.csproj", "{F46762D5-BAA8-4FC2-9A3F-6DC62E77CBBF}"
EndProject
Project("{FAE04EC0-301F-11D3-BF4B-00C04F79EFBC}") = "ApiaryDiary.Shared.Infrastructure", "Shared\ApiaryDiary.Shared.Infrastructure\ApiaryDiary.Shared.Infrastructure.csproj", "{F0D2ED24-F497-48F8-B4F8-D2DB83D7F8AC}"
EndProject
Project("{FAE04EC0-301F-11D3-BF4B-00C04F79EFBC}") = "ApiaryDiary.Bootstrapper", "Bootstrapper\ApiaryDiary.Bootstrapper\ApiaryDiary.Bootstrapper.csproj", "{D4A5280F-B007-4C1D-947D-8B1FF664D062}"
EndProject
Project("{FAE04EC0-301F-11D3-BF4B-00C04F79EFBC}") = "ApiaryDiary.Modules.PowerStation.Api", "Modules\PowerStation\ApiaryDiary.Modules.PowerStation.Api\ApiaryDiary.Modules.PowerStation.Api.csproj", "{6C6E0330-6BA6-4B8C-832F-7DBFAAB89798}"
EndProject
Project("{FAE04EC0-301F-11D3-BF4B-00C04F79EFBC}") = "ApiaryDiary.Modules.PowerStation.Core", "Modules\PowerStation\ApiaryDiary.Modules.PowerStation.Core\ApiaryDiary.Modules.PowerStation.Core.csproj", "{6BC46A72-CE35-4B33-9111-35F9E544EF48}"
EndProject
Project("{FAE04EC0-301F-11D3-BF4B-00C04F79EFBC}") = "ApiaryDiary.Modules.Users.Core", "Modules\Users\ApiaryDiary.Modules.Users.Core\ApiaryDiary.Modules.Users.Core.csproj", "{9F57D03B-8D8D-4FDC-B7A7-F47345DCED05}"
EndProject
Project("{FAE04EC0-301F-11D3-BF4B-00C04F79EFBC}") = "ApiaryDiary.Modules.Users.Api", "Modules\Users\ApiaryDiary.Modules.Users.Api\ApiaryDiary.Modules.Users.Api.csproj", "{423985FE-B46D-4680-9BE4-40FD38F570FE}"
EndProject
Global
	GlobalSection(SolutionConfigurationPlatforms) = preSolution
		Debug|Any CPU = Debug|Any CPU
		Debug|x64 = Debug|x64
		Debug|x86 = Debug|x86
		Release|Any CPU = Release|Any CPU
		Release|x64 = Release|x64
		Release|x86 = Release|x86
	EndGlobalSection
	GlobalSection(ProjectConfigurationPlatforms) = postSolution
		{F46762D5-BAA8-4FC2-9A3F-6DC62E77CBBF}.Debug|Any CPU.ActiveCfg = Debug|Any CPU
		{F46762D5-BAA8-4FC2-9A3F-6DC62E77CBBF}.Debug|Any CPU.Build.0 = Debug|Any CPU
		{F46762D5-BAA8-4FC2-9A3F-6DC62E77CBBF}.Debug|x64.ActiveCfg = Debug|Any CPU
		{F46762D5-BAA8-4FC2-9A3F-6DC62E77CBBF}.Debug|x64.Build.0 = Debug|Any CPU
		{F46762D5-BAA8-4FC2-9A3F-6DC62E77CBBF}.Debug|x86.ActiveCfg = Debug|Any CPU
		{F46762D5-BAA8-4FC2-9A3F-6DC62E77CBBF}.Debug|x86.Build.0 = Debug|Any CPU
		{F46762D5-BAA8-4FC2-9A3F-6DC62E77CBBF}.Release|Any CPU.ActiveCfg = Release|Any CPU
		{F46762D5-BAA8-4FC2-9A3F-6DC62E77CBBF}.Release|Any CPU.Build.0 = Release|Any CPU
		{F46762D5-BAA8-4FC2-9A3F-6DC62E77CBBF}.Release|x64.ActiveCfg = Release|Any CPU
		{F46762D5-BAA8-4FC2-9A3F-6DC62E77CBBF}.Release|x64.Build.0 = Release|Any CPU
		{F46762D5-BAA8-4FC2-9A3F-6DC62E77CBBF}.Release|x86.ActiveCfg = Release|Any CPU
		{F46762D5-BAA8-4FC2-9A3F-6DC62E77CBBF}.Release|x86.Build.0 = Release|Any CPU
		{F0D2ED24-F497-48F8-B4F8-D2DB83D7F8AC}.Debug|Any CPU.ActiveCfg = Debug|Any CPU
		{F0D2ED24-F497-48F8-B4F8-D2DB83D7F8AC}.Debug|Any CPU.Build.0 = Debug|Any CPU
		{F0D2ED24-F497-48F8-B4F8-D2DB83D7F8AC}.Debug|x64.ActiveCfg = Debug|Any CPU
		{F0D2ED24-F497-48F8-B4F8-D2DB83D7F8AC}.Debug|x64.Build.0 = Debug|Any CPU
		{F0D2ED24-F497-48F8-B4F8-D2DB83D7F8AC}.Debug|x86.ActiveCfg = Debug|Any CPU
		{F0D2ED24-F497-48F8-B4F8-D2DB83D7F8AC}.Debug|x86.Build.0 = Debug|Any CPU
		{F0D2ED24-F497-48F8-B4F8-D2DB83D7F8AC}.Release|Any CPU.ActiveCfg = Release|Any CPU
		{F0D2ED24-F497-48F8-B4F8-D2DB83D7F8AC}.Release|Any CPU.Build.0 = Release|Any CPU
		{F0D2ED24-F497-48F8-B4F8-D2DB83D7F8AC}.Release|x64.ActiveCfg = Release|Any CPU
		{F0D2ED24-F497-48F8-B4F8-D2DB83D7F8AC}.Release|x64.Build.0 = Release|Any CPU
		{F0D2ED24-F497-48F8-B4F8-D2DB83D7F8AC}.Release|x86.ActiveCfg = Release|Any CPU
		{F0D2ED24-F497-48F8-B4F8-D2DB83D7F8AC}.Release|x86.Build.0 = Release|Any CPU
		{D4A5280F-B007-4C1D-947D-8B1FF664D062}.Debug|Any CPU.ActiveCfg = Debug|Any CPU
		{D4A5280F-B007-4C1D-947D-8B1FF664D062}.Debug|Any CPU.Build.0 = Debug|Any CPU
		{D4A5280F-B007-4C1D-947D-8B1FF664D062}.Debug|x64.ActiveCfg = Debug|Any CPU
		{D4A5280F-B007-4C1D-947D-8B1FF664D062}.Debug|x64.Build.0 = Debug|Any CPU
		{D4A5280F-B007-4C1D-947D-8B1FF664D062}.Debug|x86.ActiveCfg = Debug|Any CPU
		{D4A5280F-B007-4C1D-947D-8B1FF664D062}.Debug|x86.Build.0 = Debug|Any CPU
		{D4A5280F-B007-4C1D-947D-8B1FF664D062}.Release|Any CPU.ActiveCfg = Release|Any CPU
		{D4A5280F-B007-4C1D-947D-8B1FF664D062}.Release|Any CPU.Build.0 = Release|Any CPU
		{D4A5280F-B007-4C1D-947D-8B1FF664D062}.Release|x64.ActiveCfg = Release|Any CPU
		{D4A5280F-B007-4C1D-947D-8B1FF664D062}.Release|x64.Build.0 = Release|Any CPU
		{D4A5280F-B007-4C1D-947D-8B1FF664D062}.Release|x86.ActiveCfg = Release|Any CPU
		{D4A5280F-B007-4C1D-947D-8B1FF664D062}.Release|x86.Build.0 = Release|Any CPU
		{6C6E0330-6BA6-4B8C-832F-7DBFAAB89798}.Debug|Any CPU.ActiveCfg = Debug|Any CPU
		{6C6E0330-6BA6-4B8C-832F-7DBFAAB89798}.Debug|Any CPU.Build.0 = Debug|Any CPU
		{6C6E0330-6BA6-4B8C-832F-7DBFAAB89798}.Debug|x64.ActiveCfg = Debug|Any CPU
		{6C6E0330-6BA6-4B8C-832F-7DBFAAB89798}.Debug|x64.Build.0 = Debug|Any CPU
		{6C6E0330-6BA6-4B8C-832F-7DBFAAB89798}.Debug|x86.ActiveCfg = Debug|Any CPU
		{6C6E0330-6BA6-4B8C-832F-7DBFAAB89798}.Debug|x86.Build.0 = Debug|Any CPU
		{6C6E0330-6BA6-4B8C-832F-7DBFAAB89798}.Release|Any CPU.ActiveCfg = Release|Any CPU
		{6C6E0330-6BA6-4B8C-832F-7DBFAAB89798}.Release|Any CPU.Build.0 = Release|Any CPU
		{6C6E0330-6BA6-4B8C-832F-7DBFAAB89798}.Release|x64.ActiveCfg = Release|Any CPU
		{6C6E0330-6BA6-4B8C-832F-7DBFAAB89798}.Release|x64.Build.0 = Release|Any CPU
		{6C6E0330-6BA6-4B8C-832F-7DBFAAB89798}.Release|x86.ActiveCfg = Release|Any CPU
		{6C6E0330-6BA6-4B8C-832F-7DBFAAB89798}.Release|x86.Build.0 = Release|Any CPU
		{6BC46A72-CE35-4B33-9111-35F9E544EF48}.Debug|Any CPU.ActiveCfg = Debug|Any CPU
		{6BC46A72-CE35-4B33-9111-35F9E544EF48}.Debug|Any CPU.Build.0 = Debug|Any CPU
		{6BC46A72-CE35-4B33-9111-35F9E544EF48}.Debug|x64.ActiveCfg = Debug|Any CPU
		{6BC46A72-CE35-4B33-9111-35F9E544EF48}.Debug|x64.Build.0 = Debug|Any CPU
		{6BC46A72-CE35-4B33-9111-35F9E544EF48}.Debug|x86.ActiveCfg = Debug|Any CPU
		{6BC46A72-CE35-4B33-9111-35F9E544EF48}.Debug|x86.Build.0 = Debug|Any CPU
		{6BC46A72-CE35-4B33-9111-35F9E544EF48}.Release|Any CPU.ActiveCfg = Release|Any CPU
		{6BC46A72-CE35-4B33-9111-35F9E544EF48}.Release|Any CPU.Build.0 = Release|Any CPU
		{6BC46A72-CE35-4B33-9111-35F9E544EF48}.Release|x64.ActiveCfg = Release|Any CPU
		{6BC46A72-CE35-4B33-9111-35F9E544EF48}.Release|x64.Build.0 = Release|Any CPU
		{6BC46A72-CE35-4B33-9111-35F9E544EF48}.Release|x86.ActiveCfg = Release|Any CPU
		{6BC46A72-CE35-4B33-9111-35F9E544EF48}.Release|x86.Build.0 = Release|Any CPU
		{9F57D03B-8D8D-4FDC-B7A7-F47345DCED05}.Debug|Any CPU.ActiveCfg = Debug|Any CPU
		{9F57D03B-8D8D-4FDC-B7A7-F47345DCED05}.Debug|Any CPU.Build.0 = Debug|Any CPU
		{9F57D03B-8D8D-4FDC-B7A7-F47345DCED05}.Debug|x64.ActiveCfg = Debug|Any CPU
		{9F57D03B-8D8D-4FDC-B7A7-F47345DCED05}.Debug|x64.Build.0 = Debug|Any CPU
		{9F57D03B-8D8D-4FDC-B7A7-F47345DCED05}.Debug|x86.ActiveCfg = Debug|Any CPU
		{9F57D03B-8D8D-4FDC-B7A7-F47345DCED05}.Debug|x86.Build.0 = Debug|Any CPU
		{9F57D03B-8D8D-4FDC-B7A7-F47345DCED05}.Release|Any CPU.ActiveCfg = Release|Any CPU
		{9F57D03B-8D8D-4FDC-B7A7-F47345DCED05}.Release|Any CPU.Build.0 = Release|Any CPU
		{9F57D03B-8D8D-4FDC-B7A7-F47345DCED05}.Release|x64.ActiveCfg = Release|Any CPU
		{9F57D03B-8D8D-4FDC-B7A7-F47345DCED05}.Release|x64.Build.0 = Release|Any CPU
		{9F57D03B-8D8D-4FDC-B7A7-F47345DCED05}.Release|x86.ActiveCfg = Release|Any CPU
		{9F57D03B-8D8D-4FDC-B7A7-F47345DCED05}.Release|x86.Build.0 = Release|Any CPU
		{423985FE-B46D-4680-9BE4-40FD38F570FE}.Debug|Any CPU.ActiveCfg = Debug|Any CPU
		{423985FE-B46D-4680-9BE4-40FD38F570FE}.Debug|Any CPU.Build.0 = Debug|Any CPU
		{423985FE-B46D-4680-9BE4-40FD38F570FE}.Debug|x64.ActiveCfg = Debug|Any CPU
		{423985FE-B46D-4680-9BE4-40FD38F570FE}.Debug|x64.Build.0 = Debug|Any CPU
		{423985FE-B46D-4680-9BE4-40FD38F570FE}.Debug|x86.ActiveCfg = Debug|Any CPU
		{423985FE-B46D-4680-9BE4-40FD38F570FE}.Debug|x86.Build.0 = Debug|Any CPU
		{423985FE-B46D-4680-9BE4-40FD38F570FE}.Release|Any CPU.ActiveCfg = Release|Any CPU
		{423985FE-B46D-4680-9BE4-40FD38F570FE}.Release|Any CPU.Build.0 = Release|Any CPU
		{423985FE-B46D-4680-9BE4-40FD38F570FE}.Release|x64.ActiveCfg = Release|Any CPU
		{423985FE-B46D-4680-9BE4-40FD38F570FE}.Release|x64.Build.0 = Release|Any CPU
		{423985FE-B46D-4680-9BE4-40FD38F570FE}.Release|x86.ActiveCfg = Release|Any CPU
		{423985FE-B46D-4680-9BE4-40FD38F570FE}.Release|x86.Build.0 = Release|Any CPU
	EndGlobalSection
	GlobalSection(SolutionProperties) = preSolution
		HideSolutionNode = FALSE
	EndGlobalSection
	GlobalSection(NestedProjects) = preSolution
		{A8EDA2DB-B3FC-4A17-918D-5C96EC25E544} = {766C20CB-D144-421F-97D3-C8D3DBE7F180}
		{958B6E27-F6E6-4B64-9707-E4F22A59FE6A} = {766C20CB-D144-421F-97D3-C8D3DBE7F180}
		{F46762D5-BAA8-4FC2-9A3F-6DC62E77CBBF} = {BA173468-6F9B-4E0B-8EEE-C9F2FE402DE6}
		{F0D2ED24-F497-48F8-B4F8-D2DB83D7F8AC} = {BA173468-6F9B-4E0B-8EEE-C9F2FE402DE6}
		{D4A5280F-B007-4C1D-947D-8B1FF664D062} = {77BD3B40-BB31-4E7B-9D29-CC6CFACBAD4F}
		{6C6E0330-6BA6-4B8C-832F-7DBFAAB89798} = {958B6E27-F6E6-4B64-9707-E4F22A59FE6A}
		{6BC46A72-CE35-4B33-9111-35F9E544EF48} = {958B6E27-F6E6-4B64-9707-E4F22A59FE6A}
		{9F57D03B-8D8D-4FDC-B7A7-F47345DCED05} = {A8EDA2DB-B3FC-4A17-918D-5C96EC25E544}
		{423985FE-B46D-4680-9BE4-40FD38F570FE} = {A8EDA2DB-B3FC-4A17-918D-5C96EC25E544}
	EndGlobalSection
	GlobalSection(ExtensibilityGlobals) = postSolution
		SolutionGuid = {BD769F0E-769C-4DE5-8678-7B77B943CFD4}
	EndGlobalSection
EndGlobal
